// !$*UTF8*$!
{
	archiveVersion = 1;
	classes = {
	};
	objectVersion = 50;
	objects = {

/* Begin PBXBuildFile section */
		BC2635D8245A9C3A004AA1E8 /* AppDelegate.swift in Sources */ = {isa = PBXBuildFile; fileRef = BC2635D7245A9C3A004AA1E8 /* AppDelegate.swift */; };
		BC2635DA245A9C3A004AA1E8 /* SceneDelegate.swift in Sources */ = {isa = PBXBuildFile; fileRef = BC2635D9245A9C3A004AA1E8 /* SceneDelegate.swift */; };
		BC2635DC245A9C3A004AA1E8 /* ViewController.swift in Sources */ = {isa = PBXBuildFile; fileRef = BC2635DB245A9C3A004AA1E8 /* ViewController.swift */; };
		BC2635DF245A9C3A004AA1E8 /* Main.storyboard in Resources */ = {isa = PBXBuildFile; fileRef = BC2635DD245A9C3A004AA1E8 /* Main.storyboard */; };
		BC2635E1245A9C3B004AA1E8 /* Assets.xcassets in Resources */ = {isa = PBXBuildFile; fileRef = BC2635E0245A9C3B004AA1E8 /* Assets.xcassets */; };
		BC2635E4245A9C3B004AA1E8 /* LaunchScreen.storyboard in Resources */ = {isa = PBXBuildFile; fileRef = BC2635E2245A9C3B004AA1E8 /* LaunchScreen.storyboard */; };
/* End PBXBuildFile section */

/* Begin PBXFileReference section */
		BC2635D4245A9C3A004AA1E8 /* reciclamx.user.ios.app */ = {isa = PBXFileReference; explicitFileType = wrapper.application; includeInIndex = 0; path = reciclamx.user.ios.app; sourceTree = BUILT_PRODUCTS_DIR; };
		BC2635D7245A9C3A004AA1E8 /* AppDelegate.swift */ = {isa = PBXFileReference; lastKnownFileType = sourcecode.swift; path = AppDelegate.swift; sourceTree = "<group>"; };
		BC2635D9245A9C3A004AA1E8 /* SceneDelegate.swift */ = {isa = PBXFileReference; lastKnownFileType = sourcecode.swift; path = SceneDelegate.swift; sourceTree = "<group>"; };
		BC2635DB245A9C3A004AA1E8 /* ViewController.swift */ = {isa = PBXFileReference; lastKnownFileType = sourcecode.swift; path = ViewController.swift; sourceTree = "<group>"; };
		BC2635DE245A9C3A004AA1E8 /* Base */ = {isa = PBXFileReference; lastKnownFileType = file.storyboard; name = Base; path = Base.lproj/Main.storyboard; sourceTree = "<group>"; };
		BC2635E0245A9C3B004AA1E8 /* Assets.xcassets */ = {isa = PBXFileReference; lastKnownFileType = folder.assetcatalog; path = Assets.xcassets; sourceTree = "<group>"; };
		BC2635E3245A9C3B004AA1E8 /* Base */ = {isa = PBXFileReference; lastKnownFileType = file.storyboard; name = Base; path = Base.lproj/LaunchScreen.storyboard; sourceTree = "<group>"; };
		BC2635E5245A9C3B004AA1E8 /* Info.plist */ = {isa = PBXFileReference; lastKnownFileType = text.plist.xml; path = Info.plist; sourceTree = "<group>"; };
/* End PBXFileReference section */

/* Begin PBXFrameworksBuildPhase section */
		BC2635D1245A9C3A004AA1E8 /* Frameworks */ = {
			isa = PBXFrameworksBuildPhase;
			buildActionMask = 2147483647;
			files = (
			);
			runOnlyForDeploymentPostprocessing = 0;
		};
/* End PBXFrameworksBuildPhase section */

/* Begin PBXGroup section */
		BC2635CB245A9C3A004AA1E8 = {
			isa = PBXGroup;
			children = (
				BC2635D6245A9C3A004AA1E8 /* reciclamx.user.ios */,
				BC2635D5245A9C3A004AA1E8 /* Products */,
			);
			sourceTree = "<group>";
		};
		BC2635D5245A9C3A004AA1E8 /* Products */ = {
			isa = PBXGroup;
			children = (
				BC2635D4245A9C3A004AA1E8 /* reciclamx.user.ios.app */,
			);
			name = Products;
			sourceTree = "<group>";
		};
		BC2635D6245A9C3A004AA1E8 /* reciclamx.user.ios */ = {
			isa = PBXGroup;
			children = (
				BC2635D7245A9C3A004AA1E8 /* AppDelegate.swift */,
				BC2635D9245A9C3A004AA1E8 /* SceneDelegate.swift */,
				BC2635DB245A9C3A004AA1E8 /* ViewController.swift */,
				BC2635DD245A9C3A004AA1E8 /* Main.storyboard */,
				BC2635E0245A9C3B004AA1E8 /* Assets.xcassets */,
				BC2635E2245A9C3B004AA1E8 /* LaunchScreen.storyboard */,
				BC2635E5245A9C3B004AA1E8 /* Info.plist */,
			);
			path = reciclamx.user.ios;
			sourceTree = "<group>";
		};
/* End PBXGroup section */

/* Begin PBXNativeTarget section */
		BC2635D3245A9C3A004AA1E8 /* reciclamx.user.ios */ = {
			isa = PBXNativeTarget;
			buildConfigurationList = BC2635E8245A9C3B004AA1E8 /* Build configuration list for PBXNativeTarget "reciclamx.user.ios" */;
			buildPhases = (
				BC2635D0245A9C3A004AA1E8 /* Sources */,
				BC2635D1245A9C3A004AA1E8 /* Frameworks */,
				BC2635D2245A9C3A004AA1E8 /* Resources */,
			);
			buildRules = (
			);
			dependencies = (
			);
			name = reciclamx.user.ios;
			productName = reciclamx.user.ios;
			productReference = BC2635D4245A9C3A004AA1E8 /* reciclamx.user.ios.app */;
			productType = "com.apple.product-type.application";
		};
/* End PBXNativeTarget section */

/* Begin PBXProject section */
		BC2635CC245A9C3A004AA1E8 /* Project object */ = {
			isa = PBXProject;
			attributes = {
				LastSwiftUpdateCheck = 1140;
				LastUpgradeCheck = 1140;
				ORGANIZATIONNAME = "gp Apps";
				TargetAttributes = {
					BC2635D3245A9C3A004AA1E8 = {
						CreatedOnToolsVersion = 11.4.1;
					};
				};
			};
			buildConfigurationList = BC2635CF245A9C3A004AA1E8 /* Build configuration list for PBXProject "reciclamx.user.ios" */;
			compatibilityVersion = "Xcode 9.3";
			developmentRegion = en;
			hasScannedForEncodings = 0;
			knownRegions = (
				en,
				Base,
			);
			mainGroup = BC2635CB245A9C3A004AA1E8;
			productRefGroup = BC2635D5245A9C3A004AA1E8 /* Products */;
			projectDirPath = "";
			projectRoot = "";
			targets = (
				BC2635D3245A9C3A004AA1E8 /* reciclamx.user.ios */,
			);
		};
/* End PBXProject section */

/* Begin PBXResourcesBuildPhase section */
		BC2635D2245A9C3A004AA1E8 /* Resources */ = {
			isa = PBXResourcesBuildPhase;
			buildActionMask = 2147483647;
			files = (
				BC2635E4245A9C3B004AA1E8 /* LaunchScreen.storyboard in Resources */,
				BC2635E1245A9C3B004AA1E8 /* Assets.xcassets in Resources */,
				BC2635DF245A9C3A004AA1E8 /* Main.storyboard in Resources */,
			);
			runOnlyForDeploymentPostprocessing = 0;
		};
/* End PBXResourcesBuildPhase section */

/* Begin PBXSourcesBuildPhase section */
		BC2635D0245A9C3A004AA1E8 /* Sources */ = {
			isa = PBXSourcesBuildPhase;
			buildActionMask = 2147483647;
			files = (
				BC2635DC245A9C3A004AA1E8 /* ViewController.swift in Sources */,
				BC2635D8245A9C3A004AA1E8 /* AppDelegate.swift in Sources */,
				BC2635DA245A9C3A004AA1E8 /* SceneDelegate.swift in Sources */,
			);
			runOnlyForDeploymentPostprocessing = 0;
		};
/* End PBXSourcesBuildPhase section */

/* Begin PBXVariantGroup section */
		BC2635DD245A9C3A004AA1E8 /* Main.storyboard */ = {
			isa = PBXVariantGroup;
			children = (
				BC2635DE245A9C3A004AA1E8 /* Base */,
			);
			name = Main.storyboard;
			sourceTree = "<group>";
		};
		BC2635E2245A9C3B004AA1E8 /* LaunchScreen.storyboard */ = {
			isa = PBXVariantGroup;
			children = (
				BC2635E3245A9C3B004AA1E8 /* Base */,
			);
			name = LaunchScreen.storyboard;
			sourceTree = "<group>";
		};
/* End PBXVariantGroup section */

/* Begin XCBuildConfiguration section */
		BC2635E6245A9C3B004AA1E8 /* Debug */ = {
			isa = XCBuildConfiguration;
			buildSettings = {
				ALWAYS_SEARCH_USER_PATHS = NO;
				CLANG_ANALYZER_NONNULL = YES;
				CLANG_ANALYZER_NUMBER_OBJECT_CONVERSION = YES_AGGRESSIVE;
				CLANG_CXX_LANGUAGE_STANDARD = "gnu++14";
				CLANG_CXX_LIBRARY = "libc++";
				CLANG_ENABLE_MODULES = YES;
				CLANG_ENABLE_OBJC_ARC = YES;
				CLANG_ENABLE_OBJC_WEAK = YES;
				CLANG_WARN_BLOCK_CAPTURE_AUTORELEASING = YES;
				CLANG_WARN_BOOL_CONVERSION = YES;
				CLANG_WARN_COMMA = YES;
				CLANG_WARN_CONSTANT_CONVERSION = YES;
				CLANG_WARN_DEPRECATED_OBJC_IMPLEMENTATIONS = YES;
				CLANG_WARN_DIRECT_OBJC_ISA_USAGE = YES_ERROR;
				CLANG_WARN_DOCUMENTATION_COMMENTS = YES;
				CLANG_WARN_EMPTY_BODY = YES;
				CLANG_WARN_ENUM_CONVERSION = YES;
				CLANG_WARN_INFINITE_RECURSION = YES;
				CLANG_WARN_INT_CONVERSION = YES;
				CLANG_WARN_NON_LITERAL_NULL_CONVERSION = YES;
				CLANG_WARN_OBJC_IMPLICIT_RETAIN_SELF = YES;
				CLANG_WARN_OBJC_LITERAL_CONVERSION = YES;
				CLANG_WARN_OBJC_ROOT_CLASS = YES_ERROR;
				CLANG_WARN_RANGE_LOOP_ANALYSIS = YES;
				CLANG_WARN_STRICT_PROTOTYPES = YES;
				CLANG_WARN_SUSPICIOUS_MOVE = YES;
				CLANG_WARN_UNGUARDED_AVAILABILITY = YES_AGGRESSIVE;
				CLANG_WARN_UNREACHABLE_CODE = YES;
				CLANG_WARN__DUPLICATE_METHOD_MATCH = YES;
				COPY_PHASE_STRIP = NO;
				DEBUG_INFORMATION_FORMAT = dwarf;
				ENABLE_STRICT_OBJC_MSGSEND = YES;
				ENABLE_TESTABILITY = YES;
				GCC_C_LANGUAGE_STANDARD = gnu11;
				GCC_DYNAMIC_NO_PIC = NO;
				GCC_NO_COMMON_BLOCKS = YES;
				GCC_OPTIMIZATION_LEVEL = 0;
				GCC_PREPROCESSOR_DEFINITIONS = (
					"DEBUG=1",
					"$(inherited)",
				);
				GCC_WARN_64_TO_32_BIT_CONVERSION = YES;
				GCC_WARN_ABOUT_RETURN_TYPE = YES_ERROR;
				GCC_WARN_UNDECLARED_SELECTOR = YES;
				GCC_WARN_UNINITIALIZED_AUTOS = YES_AGGRESSIVE;
				GCC_WARN_UNUSED_FUNCTION = YES;
				GCC_WARN_UNUSED_VARIABLE = YES;
				IPHONEOS_DEPLOYMENT_TARGET = 13.4;
				MTL_ENABLE_DEBUG_INFO = INCLUDE_SOURCE;
				MTL_FAST_MATH = YES;
				ONLY_ACTIVE_ARCH = YES;
				SDKROOT = iphoneos;
				SWIFT_ACTIVE_COMPILATION_CONDITIONS = DEBUG;
				SWIFT_OPTIMIZATION_LEVEL = "-Onone";
			};
			name = Debug;
		};
		BC2635E7245A9C3B004AA1E8 /* Release */ = {
			isa = XCBuildConfiguration;
			buildSettings = {
				ALWAYS_SEARCH_USER_PATHS = NO;
				CLANG_ANALYZER_NONNULL = YES;
				CLANG_ANALYZER_NUMBER_OBJECT_CONVERSION = YES_AGGRESSIVE;
				CLANG_CXX_LANGUAGE_STANDARD = "gnu++14";
				CLANG_CXX_LIBRARY = "libc++";
				CLANG_ENABLE_MODULES = YES;
				CLANG_ENABLE_OBJC_ARC = YES;
				CLANG_ENABLE_OBJC_WEAK = YES;
				CLANG_WARN_BLOCK_CAPTURE_AUTORELEASING = YES;
				CLANG_WARN_BOOL_CONVERSION = YES;
				CLANG_WARN_COMMA = YES;
				CLANG_WARN_CONSTANT_CONVERSION = YES;
				CLANG_WARN_DEPRECATED_OBJC_IMPLEMENTATIONS = YES;
				CLANG_WARN_DIRECT_OBJC_ISA_USAGE = YES_ERROR;
				CLANG_WARN_DOCUMENTATION_COMMENTS = YES;
				CLANG_WARN_EMPTY_BODY = YES;
				CLANG_WARN_ENUM_CONVERSION = YES;
				CLANG_WARN_INFINITE_RECURSION = YES;
				CLANG_WARN_INT_CONVERSION = YES;
				CLANG_WARN_NON_LITERAL_NULL_CONVERSION = YES;
				CLANG_WARN_OBJC_IMPLICIT_RETAIN_SELF = YES;
				CLANG_WARN_OBJC_LITERAL_CONVERSION = YES;
				CLANG_WARN_OBJC_ROOT_CLASS = YES_ERROR;
				CLANG_WARN_RANGE_LOOP_ANALYSIS = YES;
				CLANG_WARN_STRICT_PROTOTYPES = YES;
				CLANG_WARN_SUSPICIOUS_MOVE = YES;
				CLANG_WARN_UNGUARDED_AVAILABILITY = YES_AGGRESSIVE;
				CLANG_WARN_UNREACHABLE_CODE = YES;
				CLANG_WARN__DUPLICATE_METHOD_MATCH = YES;
				COPY_PHASE_STRIP = NO;
				DEBUG_INFORMATION_FORMAT = "dwarf-with-dsym";
				ENABLE_NS_ASSERTIONS = NO;
				ENABLE_STRICT_OBJC_MSGSEND = YES;
				GCC_C_LANGUAGE_STANDARD = gnu11;
				GCC_NO_COMMON_BLOCKS = YES;
				GCC_WARN_64_TO_32_BIT_CONVERSION = YES;
				GCC_WARN_ABOUT_RETURN_TYPE = YES_ERROR;
				GCC_WARN_UNDECLARED_SELECTOR = YES;
				GCC_WARN_UNINITIALIZED_AUTOS = YES_AGGRESSIVE;
				GCC_WARN_UNUSED_FUNCTION = YES;
				GCC_WARN_UNUSED_VARIABLE = YES;
				IPHONEOS_DEPLOYMENT_TARGET = 13.4;
				MTL_ENABLE_DEBUG_INFO = NO;
				MTL_FAST_MATH = YES;
				SDKROOT = iphoneos;
				SWIFT_COMPILATION_MODE = wholemodule;
				SWIFT_OPTIMIZATION_LEVEL = "-O";
				VALIDATE_PRODUCT = YES;
			};
			name = Release;
		};
		BC2635E9245A9C3B004AA1E8 /* Debug */ = {
			isa = XCBuildConfiguration;
			buildSettings = {
				ASSETCATALOG_COMPILER_APPICON_NAME = AppIcon;
				CODE_SIGN_STYLE = Automatic;
				INFOPLIST_FILE = reciclamx.user.ios/Info.plist;
				LD_RUNPATH_SEARCH_PATHS = (
					"$(inherited)",
					"@executable_path/Frameworks",
				);
				PRODUCT_BUNDLE_IDENTIFIER = "fabianpadillalam.reciclamx-user-ios";
				PRODUCT_NAME = "$(TARGET_NAME)";
				SWIFT_VERSION = 5.0;
				TARGETED_DEVICE_FAMILY = 1;
			};
			name = Debug;
		};
		BC2635EA245A9C3B004AA1E8 /* Release */ = {
			isa = XCBuildConfiguration;
			buildSettings = {
				ASSETCATALOG_COMPILER_APPICON_NAME = AppIcon;
				CODE_SIGN_STYLE = Automatic;
				INFOPLIST_FILE = reciclamx.user.ios/Info.plist;
				LD_RUNPATH_SEARCH_PATHS = (
					"$(inherited)",
					"@executable_path/Frameworks",
				);
				PRODUCT_BUNDLE_IDENTIFIER = "fabianpadillalam.reciclamx-user-ios";
				PRODUCT_NAME = "$(TARGET_NAME)";
				SWIFT_VERSION = 5.0;
				TARGETED_DEVICE_FAMILY = 1;
			};
			name = Release;
		};
/* End XCBuildConfiguration section */

/* Begin XCConfigurationList section */
		BC2635CF245A9C3A004AA1E8 /* Build configuration list for PBXProject "reciclamx.user.ios" */ = {
			isa = XCConfigurationList;
			buildConfigurations = (
				BC2635E6245A9C3B004AA1E8 /* Debug */,
				BC2635E7245A9C3B004AA1E8 /* Release */,
			);
			defaultConfigurationIsVisible = 0;
			defaultConfigurationName = Release;
		};
		BC2635E8245A9C3B004AA1E8 /* Build configuration list for PBXNativeTarget "reciclamx.user.ios" */ = {
			isa = XCConfigurationList;
			buildConfigurations = (
				BC2635E9245A9C3B004AA1E8 /* Debug */,
				BC2635EA245A9C3B004AA1E8 /* Release */,
			);
			defaultConfigurationIsVisible = 0;
			defaultConfigurationName = Release;
		};
/* End XCConfigurationList section */
	};
	rootObject = BC2635CC245A9C3A004AA1E8 /* Project object */;
}
